{
  "originHash" : "b8dd9769c69a7a485d25af48be0f2e505e12b217af4de888e7e4083800579263",
  "pins" : [
    {
      "identity" : "omnibar",
      "kind" : "remoteSourceControl",
      "location" : "https://github.com/CleanCocoa/Omnibar",
      "state" : {
        "revision" : "19509e2fd4adcf790c881ddbbf717c3b595d242f",
        "version" : "1.0.0"
      }
    }
  ],
  "version" : 3
}
